
Microsoft Visual Studio Solution File, Format Version 12.00
# Visual Studio 15
Project("{FAE04EC0-301F-11D3-BF4B-00C04F79EFBC}") = "delegate_hw4", "delegate_hw4\delegate_hw4.csproj", "{24422623-39FC-4995-8257-F6B700281001}"
EndProject
Global
	GlobalSection(SolutionConfigurationPlatforms) = preSolution
		Debug|Any CPU = Debug|Any CPU
		Release|Any CPU = Release|Any CPU
	EndGlobalSection
	GlobalSection(ProjectConfigurationPlatforms) = postSolution
		{24422623-39FC-4995-8257-F6B700281001}.Debug|Any CPU.ActiveCfg = Debug|Any CPU
		{24422623-39FC-4995-8257-F6B700281001}.Debug|Any CPU.Build.0 = Debug|Any CPU
		{24422623-39FC-4995-8257-F6B700281001}.Release|Any CPU.ActiveCfg = Release|Any CPU
		{24422623-39FC-4995-8257-F6B700281001}.Release|Any CPU.Build.0 = Release|Any CPU
	EndGlobalSection
EndGlobal
