
Microsoft Visual Studio Solution File, Format Version 12.00
# Visual Studio 15
Project("{FAE04EC0-301F-11D3-BF4B-00C04F79EFBC}") = "sem_27.01_2", "sem_27.01_2\sem_27.01_2.csproj", "{1AD95C57-C82D-4B2E-971A-C5781B0EC7B9}"
EndProject
Global
	GlobalSection(SolutionConfigurationPlatforms) = preSolution
		Debug|Any CPU = Debug|Any CPU
		Release|Any CPU = Release|Any CPU
	EndGlobalSection
	GlobalSection(ProjectConfigurationPlatforms) = postSolution
		{1AD95C57-C82D-4B2E-971A-C5781B0EC7B9}.Debug|Any CPU.ActiveCfg = Debug|Any CPU
		{1AD95C57-C82D-4B2E-971A-C5781B0EC7B9}.Debug|Any CPU.Build.0 = Debug|Any CPU
		{1AD95C57-C82D-4B2E-971A-C5781B0EC7B9}.Release|Any CPU.ActiveCfg = Release|Any CPU
		{1AD95C57-C82D-4B2E-971A-C5781B0EC7B9}.Release|Any CPU.Build.0 = Release|Any CPU
	EndGlobalSection
EndGlobal
